Microsoft Visual Studio Solution File, Format Version 12.00
# Visual Studio Version 17
VisualStudioVersion = 17.5.2.0
MinimumVisualStudioVersion = 10.0.40219.1
Project("{FAE04EC0-301F-11D3-BF4B-00C04F79EFBC}") = "CIO-Umbraco", "CIO-Umbraco.csproj", "{9E58406C-DD81-9525-DA5D-26A8997AB02D}"
EndProject
Global
	GlobalSection(SolutionConfigurationPlatforms) = preSolution
		Debug|Any CPU = Debug|Any CPU
		Release|Any CPU = Release|Any CPU
	EndGlobalSection
	GlobalSection(ProjectConfigurationPlatforms) = postSolution
		{9E58406C-DD81-9525-DA5D-26A8997AB02D}.Debug|Any CPU.ActiveCfg = Debug|Any CPU
		{9E58406C-DD81-9525-DA5D-26A8997AB02D}.Debug|Any CPU.Build.0 = Debug|Any CPU
		{9E58406C-DD81-9525-DA5D-26A8997AB02D}.Release|Any CPU.ActiveCfg = Release|Any CPU
		{9E58406C-DD81-9525-DA5D-26A8997AB02D}.Release|Any CPU.Build.0 = Release|Any CPU
	EndGlobalSection
	GlobalSection(SolutionProperties) = preSolution
		HideSolutionNode = FALSE
	EndGlobalSection
	GlobalSection(ExtensibilityGlobals) = postSolution
		SolutionGuid = {9F90ED6D-9426-4146-8F33-8527C2A1D7D1}
	EndGlobalSection
EndGlobal
