Microsoft Visual Studio Solution File, Format Version 12.00
# Visual Studio Version 17
VisualStudioVersion = 17.5.2.0
MinimumVisualStudioVersion = 10.0.40219.1
Project("{2150E333-8FDC-42A3-9474-1A3956D46DE8}") = "CIO-Umbraco", "CIO-Umbraco", "{BC2D85E9-1F9D-2FB8-FBA8-EE5790BDD553}"
EndProject
Project("{FAE04EC0-301F-11D3-BF4B-00C04F79EFBC}") = "FormSubmission.Api", "FormSubmission.Api\FormSubmission.Api.csproj", "{91A09283-1E4A-69E6-8D6B-1BD4891FA8AB}"
EndProject
Project("{FAE04EC0-301F-11D3-BF4B-00C04F79EFBC}") = "CIO-Umbraco-Demo", "CIO-Umbraco\CIO-Umbraco-Demo.csproj", "{BCB3048D-2ACF-9023-6A22-C441B0C64E32}"
EndProject
Global
	GlobalSection(SolutionConfigurationPlatforms) = preSolution
		Debug|Any CPU = Debug|Any CPU
		Release|Any CPU = Release|Any CPU
	EndGlobalSection
	GlobalSection(ProjectConfigurationPlatforms) = postSolution
		{91A09283-1E4A-69E6-8D6B-1BD4891FA8AB}.Debug|Any CPU.ActiveCfg = Debug|Any CPU
		{91A09283-1E4A-69E6-8D6B-1BD4891FA8AB}.Debug|Any CPU.Build.0 = Debug|Any CPU
		{91A09283-1E4A-69E6-8D6B-1BD4891FA8AB}.Release|Any CPU.ActiveCfg = Release|Any CPU
		{91A09283-1E4A-69E6-8D6B-1BD4891FA8AB}.Release|Any CPU.Build.0 = Release|Any CPU
		{BCB3048D-2ACF-9023-6A22-C441B0C64E32}.Debug|Any CPU.ActiveCfg = Debug|Any CPU
		{BCB3048D-2ACF-9023-6A22-C441B0C64E32}.Debug|Any CPU.Build.0 = Debug|Any CPU
		{BCB3048D-2ACF-9023-6A22-C441B0C64E32}.Release|Any CPU.ActiveCfg = Release|Any CPU
		{BCB3048D-2ACF-9023-6A22-C441B0C64E32}.Release|Any CPU.Build.0 = Release|Any CPU
	EndGlobalSection
	GlobalSection(SolutionProperties) = preSolution
		HideSolutionNode = FALSE
	EndGlobalSection
	GlobalSection(NestedProjects) = preSolution
		{BCB3048D-2ACF-9023-6A22-C441B0C64E32} = {BC2D85E9-1F9D-2FB8-FBA8-EE5790BDD553}
	EndGlobalSection
	GlobalSection(ExtensibilityGlobals) = postSolution
		SolutionGuid = {3F7A28C5-FD5E-4450-97C9-7ECECF1ED502}
	EndGlobalSection
EndGlobal
