{
  "name": "CustomFormsDashboard",
  "lockfileVersion": 3,
  "requires": true,
  "packages": {
    "": {
      "devDependencies": {
        "@umbraco-cms/backoffice": "^17.2.1"
      }
    },
    "node_modules/@umbraco-cms/backoffice": {
      "version": "17.2.1",
      "resolved": "https://registry.npmjs.org/@umbraco-cms/backoffice/-/backoffice-17.2.1.tgz",
      "integrity": "sha512-1ygu79/1nGUKDZTnNIA8taDgSXzvcvJyBWLSZOQtpvyWKFP3GY6W0b9dmitRQFV+rGP5wHQq8owXsy01rvI2WQ==",
      "dev": true,
      "license": "MIT",
      "engines": {
        "node": ">=22.17.1",
        "npm": ">=10.9.2"
      },
      "peerDependencies": {
        "@heximal/expressions": "^0.1.5",
        "@hey-api/openapi-ts": "^0.85.0",
        "@microsoft/signalr": "^10.0.0",
        "@tiptap/core": "3.16.0",
        "@tiptap/extension-image": "3.16.0",
        "@tiptap/extension-subscript": "3.16.0",
        "@tiptap/extension-superscript": "3.16.0",
        "@tiptap/extension-table": "3.16.0",
        "@tiptap/extension-text-align": "3.16.0",
        "@tiptap/extension-text-style": "3.16.0",
        "@tiptap/extensions": "3.16.0",
        "@tiptap/pm": "3.16.0",
        "@tiptap/starter-kit": "3.16.0",
        "@types/diff": "^7.0.2",
        "@umbraco-ui/uui": "^1.17.0",
        "@umbraco-ui/uui-css": "^1.17.0",
        "diff": "^8.0.3",
        "dompurify": "^3.3.0",
        "element-internals-polyfill": "^3.0.2",
        "lit": "^3.3.1",
        "luxon": "^3.7.2",
        "marked": "^17.0.1",
        "monaco-editor": "^0.55.1",
        "rxjs": "^7.8.2",
        "uuid": "^13.0.0"
      }
    }
  }
}
